
Microsoft Visual Studio Solution File, Format Version 12.00
# Visual Studio 15
VisualStudioVersion = 15.0.28307.421
MinimumVisualStudioVersion = 10.0.40219.1
Project("{FAE04EC0-301F-11D3-BF4B-00C04F79EFBC}") = "BaiduAPNsDemo.Android", "BaiduAPNsDemo\BaiduAPNsDemo.Android\BaiduAPNsDemo.Android.csproj", "{451F7588-201D-4143-9732-2B01020FEE32}"
EndProject
Project("{FAE04EC0-301F-11D3-BF4B-00C04F79EFBC}") = "BaiduAPNsDemo.iOS", "BaiduAPNsDemo\BaiduAPNsDemo.iOS\BaiduAPNsDemo.iOS.csproj", "{EA3432A9-14C1-4EE7-A751-C5E780457D2B}"
EndProject
Project("{FAE04EC0-301F-11D3-BF4B-00C04F79EFBC}") = "BaiduAPNsDemo", "BaiduAPNsDemo\BaiduAPNsDemo\BaiduAPNsDemo.csproj", "{5669E2E2-F278-470F-9283-5114C5E71C5C}"
EndProject
Global
	GlobalSection(SolutionConfigurationPlatforms) = preSolution
		Ad-Hoc|Any CPU = Ad-Hoc|Any CPU
		Ad-Hoc|iPhone = Ad-Hoc|iPhone
		Ad-Hoc|iPhoneSimulator = Ad-Hoc|iPhoneSimulator
		AppStore|Any CPU = AppStore|Any CPU
		AppStore|iPhone = AppStore|iPhone
		AppStore|iPhoneSimulator = AppStore|iPhoneSimulator
		Debug|Any CPU = Debug|Any CPU
		Debug|iPhone = Debug|iPhone
		Debug|iPhoneSimulator = Debug|iPhoneSimulator
		Release|Any CPU = Release|Any CPU
		Release|iPhone = Release|iPhone
		Release|iPhoneSimulator = Release|iPhoneSimulator
	EndGlobalSection
	GlobalSection(ProjectConfigurationPlatforms) = postSolution
		{451F7588-201D-4143-9732-2B01020FEE32}.Ad-Hoc|Any CPU.ActiveCfg = Release|Any CPU
		{451F7588-201D-4143-9732-2B01020FEE32}.Ad-Hoc|Any CPU.Build.0 = Release|Any CPU
		{451F7588-201D-4143-9732-2B01020FEE32}.Ad-Hoc|Any CPU.Deploy.0 = Release|Any CPU
		{451F7588-201D-4143-9732-2B01020FEE32}.Ad-Hoc|iPhone.ActiveCfg = Release|Any CPU
		{451F7588-201D-4143-9732-2B01020FEE32}.Ad-Hoc|iPhone.Build.0 = Release|Any CPU
		{451F7588-201D-4143-9732-2B01020FEE32}.Ad-Hoc|iPhone.Deploy.0 = Release|Any CPU
		{451F7588-201D-4143-9732-2B01020FEE32}.Ad-Hoc|iPhoneSimulator.ActiveCfg = Release|Any CPU
		{451F7588-201D-4143-9732-2B01020FEE32}.Ad-Hoc|iPhoneSimulator.Build.0 = Release|Any CPU
		{451F7588-201D-4143-9732-2B01020FEE32}.Ad-Hoc|iPhoneSimulator.Deploy.0 = Release|Any CPU
		{451F7588-201D-4143-9732-2B01020FEE32}.AppStore|Any CPU.ActiveCfg = Release|Any CPU
		{451F7588-201D-4143-9732-2B01020FEE32}.AppStore|Any CPU.Build.0 = Release|Any CPU
		{451F7588-201D-4143-9732-2B01020FEE32}.AppStore|Any CPU.Deploy.0 = Release|Any CPU
		{451F7588-201D-4143-9732-2B01020FEE32}.AppStore|iPhone.ActiveCfg = Release|Any CPU
		{451F7588-201D-4143-9732-2B01020FEE32}.AppStore|iPhone.Build.0 = Release|Any CPU
		{451F7588-201D-4143-9732-2B01020FEE32}.AppStore|iPhone.Deploy.0 = Release|Any CPU
		{451F7588-201D-4143-9732-2B01020FEE32}.AppStore|iPhoneSimulator.ActiveCfg = Release|Any CPU
		{451F7588-201D-4143-9732-2B01020FEE32}.AppStore|iPhoneSimulator.Build.0 = Release|Any CPU
		{451F7588-201D-4143-9732-2B01020FEE32}.AppStore|iPhoneSimulator.Deploy.0 = Release|Any CPU
		{451F7588-201D-4143-9732-2B01020FEE32}.Debug|Any CPU.ActiveCfg = Debug|Any CPU
		{451F7588-201D-4143-9732-2B01020FEE32}.Debug|Any CPU.Build.0 = Debug|Any CPU
		{451F7588-201D-4143-9732-2B01020FEE32}.Debug|Any CPU.Deploy.0 = Debug|Any CPU
		{451F7588-201D-4143-9732-2B01020FEE32}.Debug|iPhone.ActiveCfg = Debug|Any CPU
		{451F7588-201D-4143-9732-2B01020FEE32}.Debug|iPhone.Build.0 = Debug|Any CPU
		{451F7588-201D-4143-9732-2B01020FEE32}.Debug|iPhone.Deploy.0 = Debug|Any CPU
		{451F7588-201D-4143-9732-2B01020FEE32}.Debug|iPhoneSimulator.ActiveCfg = Debug|Any CPU
		{451F7588-201D-4143-9732-2B01020FEE32}.Debug|iPhoneSimulator.Build.0 = Debug|Any CPU
		{451F7588-201D-4143-9732-2B01020FEE32}.Debug|iPhoneSimulator.Deploy.0 = Debug|Any CPU
		{451F7588-201D-4143-9732-2B01020FEE32}.Release|Any CPU.ActiveCfg = Release|Any CPU
		{451F7588-201D-4143-9732-2B01020FEE32}.Release|Any CPU.Build.0 = Release|Any CPU
		{451F7588-201D-4143-9732-2B01020FEE32}.Release|Any CPU.Deploy.0 = Release|Any CPU
		{451F7588-201D-4143-9732-2B01020FEE32}.Release|iPhone.ActiveCfg = Release|Any CPU
		{451F7588-201D-4143-9732-2B01020FEE32}.Release|iPhone.Build.0 = Release|Any CPU
		{451F7588-201D-4143-9732-2B01020FEE32}.Release|iPhone.Deploy.0 = Release|Any CPU
		{451F7588-201D-4143-9732-2B01020FEE32}.Release|iPhoneSimulator.ActiveCfg = Release|Any CPU
		{451F7588-201D-4143-9732-2B01020FEE32}.Release|iPhoneSimulator.Build.0 = Release|Any CPU
		{451F7588-201D-4143-9732-2B01020FEE32}.Release|iPhoneSimulator.Deploy.0 = Release|Any CPU
		{EA3432A9-14C1-4EE7-A751-C5E780457D2B}.Ad-Hoc|Any CPU.ActiveCfg = Ad-Hoc|iPhone
		{EA3432A9-14C1-4EE7-A751-C5E780457D2B}.Ad-Hoc|Any CPU.Build.0 = Ad-Hoc|iPhone
		{EA3432A9-14C1-4EE7-A751-C5E780457D2B}.Ad-Hoc|Any CPU.Deploy.0 = Ad-Hoc|iPhone
		{EA3432A9-14C1-4EE7-A751-C5E780457D2B}.Ad-Hoc|iPhone.ActiveCfg = Ad-Hoc|iPhone
		{EA3432A9-14C1-4EE7-A751-C5E780457D2B}.Ad-Hoc|iPhone.Build.0 = Ad-Hoc|iPhone
		{EA3432A9-14C1-4EE7-A751-C5E780457D2B}.Ad-Hoc|iPhone.Deploy.0 = Ad-Hoc|iPhone
		{EA3432A9-14C1-4EE7-A751-C5E780457D2B}.Ad-Hoc|iPhoneSimulator.ActiveCfg = Ad-Hoc|iPhoneSimulator
		{EA3432A9-14C1-4EE7-A751-C5E780457D2B}.Ad-Hoc|iPhoneSimulator.Build.0 = Ad-Hoc|iPhoneSimulator
		{EA3432A9-14C1-4EE7-A751-C5E780457D2B}.Ad-Hoc|iPhoneSimulator.Deploy.0 = Ad-Hoc|iPhoneSimulator
		{EA3432A9-14C1-4EE7-A751-C5E780457D2B}.AppStore|Any CPU.ActiveCfg = AppStore|iPhone
		{EA3432A9-14C1-4EE7-A751-C5E780457D2B}.AppStore|Any CPU.Build.0 = AppStore|iPhone
		{EA3432A9-14C1-4EE7-A751-C5E780457D2B}.AppStore|Any CPU.Deploy.0 = AppStore|iPhone
		{EA3432A9-14C1-4EE7-A751-C5E780457D2B}.AppStore|iPhone.ActiveCfg = AppStore|iPhone
		{EA3432A9-14C1-4EE7-A751-C5E780457D2B}.AppStore|iPhone.Build.0 = AppStore|iPhone
		{EA3432A9-14C1-4EE7-A751-C5E780457D2B}.AppStore|iPhone.Deploy.0 = AppStore|iPhone
		{EA3432A9-14C1-4EE7-A751-C5E780457D2B}.AppStore|iPhoneSimulator.ActiveCfg = AppStore|iPhoneSimulator
		{EA3432A9-14C1-4EE7-A751-C5E780457D2B}.AppStore|iPhoneSimulator.Build.0 = AppStore|iPhoneSimulator
		{EA3432A9-14C1-4EE7-A751-C5E780457D2B}.AppStore|iPhoneSimulator.Deploy.0 = AppStore|iPhoneSimulator
		{EA3432A9-14C1-4EE7-A751-C5E780457D2B}.Debug|Any CPU.ActiveCfg = Debug|iPhoneSimulator
		{EA3432A9-14C1-4EE7-A751-C5E780457D2B}.Debug|Any CPU.Build.0 = Debug|iPhoneSimulator
		{EA3432A9-14C1-4EE7-A751-C5E780457D2B}.Debug|Any CPU.Deploy.0 = Debug|iPhoneSimulator
		{EA3432A9-14C1-4EE7-A751-C5E780457D2B}.Debug|iPhone.ActiveCfg = Debug|iPhone
		{EA3432A9-14C1-4EE7-A751-C5E780457D2B}.Debug|iPhone.Build.0 = Debug|iPhone
		{EA3432A9-14C1-4EE7-A751-C5E780457D2B}.Debug|iPhone.Deploy.0 = Debug|iPhone
		{EA3432A9-14C1-4EE7-A751-C5E780457D2B}.Debug|iPhoneSimulator.ActiveCfg = Debug|iPhoneSimulator
		{EA3432A9-14C1-4EE7-A751-C5E780457D2B}.Debug|iPhoneSimulator.Build.0 = Debug|iPhoneSimulator
		{EA3432A9-14C1-4EE7-A751-C5E780457D2B}.Debug|iPhoneSimulator.Deploy.0 = Debug|iPhoneSimulator
		{EA3432A9-14C1-4EE7-A751-C5E780457D2B}.Release|Any CPU.ActiveCfg = Release|iPhone
		{EA3432A9-14C1-4EE7-A751-C5E780457D2B}.Release|Any CPU.Build.0 = Release|iPhone
		{EA3432A9-14C1-4EE7-A751-C5E780457D2B}.Release|Any CPU.Deploy.0 = Release|iPhone
		{EA3432A9-14C1-4EE7-A751-C5E780457D2B}.Release|iPhone.ActiveCfg = Release|iPhone
		{EA3432A9-14C1-4EE7-A751-C5E780457D2B}.Release|iPhone.Build.0 = Release|iPhone
		{EA3432A9-14C1-4EE7-A751-C5E780457D2B}.Release|iPhone.Deploy.0 = Release|iPhone
		{EA3432A9-14C1-4EE7-A751-C5E780457D2B}.Release|iPhoneSimulator.ActiveCfg = Release|iPhoneSimulator
		{EA3432A9-14C1-4EE7-A751-C5E780457D2B}.Release|iPhoneSimulator.Build.0 = Release|iPhoneSimulator
		{EA3432A9-14C1-4EE7-A751-C5E780457D2B}.Release|iPhoneSimulator.Deploy.0 = Release|iPhoneSimulator
		{5669E2E2-F278-470F-9283-5114C5E71C5C}.Ad-Hoc|Any CPU.ActiveCfg = Debug|Any CPU
		{5669E2E2-F278-470F-9283-5114C5E71C5C}.Ad-Hoc|Any CPU.Build.0 = Debug|Any CPU
		{5669E2E2-F278-470F-9283-5114C5E71C5C}.Ad-Hoc|Any CPU.Deploy.0 = Debug|Any CPU
		{5669E2E2-F278-470F-9283-5114C5E71C5C}.Ad-Hoc|iPhone.ActiveCfg = Debug|Any CPU
		{5669E2E2-F278-470F-9283-5114C5E71C5C}.Ad-Hoc|iPhone.Build.0 = Debug|Any CPU
		{5669E2E2-F278-470F-9283-5114C5E71C5C}.Ad-Hoc|iPhone.Deploy.0 = Debug|Any CPU
		{5669E2E2-F278-470F-9283-5114C5E71C5C}.Ad-Hoc|iPhoneSimulator.ActiveCfg = Debug|Any CPU
		{5669E2E2-F278-470F-9283-5114C5E71C5C}.Ad-Hoc|iPhoneSimulator.Build.0 = Debug|Any CPU
		{5669E2E2-F278-470F-9283-5114C5E71C5C}.Ad-Hoc|iPhoneSimulator.Deploy.0 = Debug|Any CPU
		{5669E2E2-F278-470F-9283-5114C5E71C5C}.AppStore|Any CPU.ActiveCfg = Debug|Any CPU
		{5669E2E2-F278-470F-9283-5114C5E71C5C}.AppStore|Any CPU.Build.0 = Debug|Any CPU
		{5669E2E2-F278-470F-9283-5114C5E71C5C}.AppStore|Any CPU.Deploy.0 = Debug|Any CPU
		{5669E2E2-F278-470F-9283-5114C5E71C5C}.AppStore|iPhone.ActiveCfg = Debug|Any CPU
		{5669E2E2-F278-470F-9283-5114C5E71C5C}.AppStore|iPhone.Build.0 = Debug|Any CPU
		{5669E2E2-F278-470F-9283-5114C5E71C5C}.AppStore|iPhone.Deploy.0 = Debug|Any CPU
		{5669E2E2-F278-470F-9283-5114C5E71C5C}.AppStore|iPhoneSimulator.ActiveCfg = Debug|Any CPU
		{5669E2E2-F278-470F-9283-5114C5E71C5C}.AppStore|iPhoneSimulator.Build.0 = Debug|Any CPU
		{5669E2E2-F278-470F-9283-5114C5E71C5C}.AppStore|iPhoneSimulator.Deploy.0 = Debug|Any CPU
		{5669E2E2-F278-470F-9283-5114C5E71C5C}.Debug|Any CPU.ActiveCfg = Debug|Any CPU
		{5669E2E2-F278-470F-9283-5114C5E71C5C}.Debug|Any CPU.Build.0 = Debug|Any CPU
		{5669E2E2-F278-470F-9283-5114C5E71C5C}.Debug|Any CPU.Deploy.0 = Debug|Any CPU
		{5669E2E2-F278-470F-9283-5114C5E71C5C}.Debug|iPhone.ActiveCfg = Debug|Any CPU
		{5669E2E2-F278-470F-9283-5114C5E71C5C}.Debug|iPhone.Build.0 = Debug|Any CPU
		{5669E2E2-F278-470F-9283-5114C5E71C5C}.Debug|iPhone.Deploy.0 = Debug|Any CPU
		{5669E2E2-F278-470F-9283-5114C5E71C5C}.Debug|iPhoneSimulator.ActiveCfg = Debug|Any CPU
		{5669E2E2-F278-470F-9283-5114C5E71C5C}.Debug|iPhoneSimulator.Build.0 = Debug|Any CPU
		{5669E2E2-F278-470F-9283-5114C5E71C5C}.Debug|iPhoneSimulator.Deploy.0 = Debug|Any CPU
		{5669E2E2-F278-470F-9283-5114C5E71C5C}.Release|Any CPU.ActiveCfg = Release|Any CPU
		{5669E2E2-F278-470F-9283-5114C5E71C5C}.Release|Any CPU.Build.0 = Release|Any CPU
		{5669E2E2-F278-470F-9283-5114C5E71C5C}.Release|Any CPU.Deploy.0 = Release|Any CPU
		{5669E2E2-F278-470F-9283-5114C5E71C5C}.Release|iPhone.ActiveCfg = Release|Any CPU
		{5669E2E2-F278-470F-9283-5114C5E71C5C}.Release|iPhone.Build.0 = Release|Any CPU
		{5669E2E2-F278-470F-9283-5114C5E71C5C}.Release|iPhone.Deploy.0 = Release|Any CPU
		{5669E2E2-F278-470F-9283-5114C5E71C5C}.Release|iPhoneSimulator.ActiveCfg = Release|Any CPU
		{5669E2E2-F278-470F-9283-5114C5E71C5C}.Release|iPhoneSimulator.Build.0 = Release|Any CPU
		{5669E2E2-F278-470F-9283-5114C5E71C5C}.Release|iPhoneSimulator.Deploy.0 = Release|Any CPU
	EndGlobalSection
	GlobalSection(SolutionProperties) = preSolution
		HideSolutionNode = FALSE
	EndGlobalSection
	GlobalSection(ExtensibilityGlobals) = postSolution
		SolutionGuid = {0022282B-15F3-43AE-B8DC-4C55ED6FCE65}
	EndGlobalSection
EndGlobal
